// !$*UTF8*$!
{
	archiveVersion = 1;
	classes = {
	};
	objectVersion = 77;
	objects = {

/* Begin PBXBuildFile section */
		32E7BB43300EA38B00EF22F1 /* AppDelegate.swift in Sources */ = {isa = PBXBuildFile; fileRef = 32E7BB42300EA38B00EF22F1 /* AppDelegate.swift */; };
		32E7BB47300EA38B00EF22F1 /* Main.html in Resources */ = {isa = PBXBuildFile; fileRef = 32E7BB45300EA38B00EF22F1 /* Main.html */; };
		32E7BB49300EA38B00EF22F1 /* Icon.png in Resources */ = {isa = PBXBuildFile; fileRef = 32E7BB48300EA38B00EF22F1 /* Icon.png */; };
		32E7BB4B300EA38B00EF22F1 /* Style.css in Resources */ = {isa = PBXBuildFile; fileRef = 32E7BB4A300EA38B00EF22F1 /* Style.css */; };
		32E7BB4D300EA38B00EF22F1 /* Script.js in Resources */ = {isa = PBXBuildFile; fileRef = 32E7BB4C300EA38B00EF22F1 /* Script.js */; };
		32E7BB4F300EA38B00EF22F1 /* ViewController.swift in Sources */ = {isa = PBXBuildFile; fileRef = 32E7BB4E300EA38B00EF22F1 /* ViewController.swift */; };
		32E7BB52300EA38B00EF22F1 /* Main.storyboard in Resources */ = {isa = PBXBuildFile; fileRef = 32E7BB50300EA38B00EF22F1 /* Main.storyboard */; };
		32E7BB54300EA38C00EF22F1 /* Assets.xcassets in Resources */ = {isa = PBXBuildFile; fileRef = 32E7BB53300EA38C00EF22F1 /* Assets.xcassets */; };
		32E7BB5B300EA38C00EF22F1 /* LexPack Safari Extension.appex in Embed Foundation Extensions */ = {isa = PBXBuildFile; fileRef = 32E7BB5A300EA38C00EF22F1 /* LexPack Safari Extension.appex */; settings = {ATTRIBUTES = (RemoveHeadersOnCopy, ); }; };
		32E7BB60300EA38C00EF22F1 /* SafariWebExtensionHandler.swift in Sources */ = {isa = PBXBuildFile; fileRef = 32E7BB5F300EA38C00EF22F1 /* SafariWebExtensionHandler.swift */; };
		32E7BB75300EA38C00EF22F1 /* BUILD-INFO.json in Resources */ = {isa = PBXBuildFile; fileRef = 32E7BB6C300EA38C00EF22F1 /* BUILD-INFO.json */; };
		32E7BB76300EA38C00EF22F1 /* background in Resources */ = {isa = PBXBuildFile; fileRef = 32E7BB6D300EA38C00EF22F1 /* background */; };
		32E7BB77300EA38C00EF22F1 /* offscreen in Resources */ = {isa = PBXBuildFile; fileRef = 32E7BB6E300EA38C00EF22F1 /* offscreen */; };
		32E7BB78300EA38C00EF22F1 /* popup in Resources */ = {isa = PBXBuildFile; fileRef = 32E7BB6F300EA38C00EF22F1 /* popup */; };
		32E7BB79300EA38C00EF22F1 /* content in Resources */ = {isa = PBXBuildFile; fileRef = 32E7BB70300EA38C00EF22F1 /* content */; };
		32E7BB7A300EA38C00EF22F1 /* INSTALL.txt in Resources */ = {isa = PBXBuildFile; fileRef = 32E7BB71300EA38C00EF22F1 /* INSTALL.txt */; };
		32E7BB7B300EA38C00EF22F1 /* shared in Resources */ = {isa = PBXBuildFile; fileRef = 32E7BB72300EA38C00EF22F1 /* shared */; };
		32E7BB7C300EA38C00EF22F1 /* icons in Resources */ = {isa = PBXBuildFile; fileRef = 32E7BB73300EA38C00EF22F1 /* icons */; };
		32E7BB7D300EA38C00EF22F1 /* manifest.json in Resources */ = {isa = PBXBuildFile; fileRef = 32E7BB74300EA38C00EF22F1 /* manifest.json */; };
/* End PBXBuildFile section */

/* Begin PBXContainerItemProxy section */
		32E7BB5C300EA38C00EF22F1 /* PBXContainerItemProxy */ = {
			isa = PBXContainerItemProxy;
			containerPortal = 32E7BB37300EA38B00EF22F1 /* Project object */;
			proxyType = 1;
			remoteGlobalIDString = 32E7BB59300EA38C00EF22F1;
			remoteInfo = "LexPack Safari Extension";
		};
/* End PBXContainerItemProxy section */

/* Begin PBXCopyFilesBuildPhase section */
		32E7BB67300EA38C00EF22F1 /* Embed Foundation Extensions */ = {
			isa = PBXCopyFilesBuildPhase;
			buildActionMask = 2147483647;
			dstPath = "";
			dstSubfolderSpec = 13;
			files = (
				32E7BB5B300EA38C00EF22F1 /* LexPack Safari Extension.appex in Embed Foundation Extensions */,
			);
			name = "Embed Foundation Extensions";
			runOnlyForDeploymentPostprocessing = 0;
		};
/* End PBXCopyFilesBuildPhase section */

/* Begin PBXFileReference section */
		32E7BB3F300EA38B00EF22F1 /* LexPack Safari.app */ = {isa = PBXFileReference; explicitFileType = wrapper.application; includeInIndex = 0; path = "LexPack Safari.app"; sourceTree = BUILT_PRODUCTS_DIR; };
		32E7BB42300EA38B00EF22F1 /* AppDelegate.swift */ = {isa = PBXFileReference; lastKnownFileType = sourcecode.swift; path = AppDelegate.swift; sourceTree = "<group>"; };
		32E7BB46300EA38B00EF22F1 /* Base */ = {isa = PBXFileReference; lastKnownFileType = text.html; name = Base; path = Base.lproj/Main.html; sourceTree = "<group>"; };
		32E7BB48300EA38B00EF22F1 /* Icon.png */ = {isa = PBXFileReference; lastKnownFileType = image.png; path = Icon.png; sourceTree = "<group>"; };
		32E7BB4A300EA38B00EF22F1 /* Style.css */ = {isa = PBXFileReference; lastKnownFileType = text.css; path = Style.css; sourceTree = "<group>"; };
		32E7BB4C300EA38B00EF22F1 /* Script.js */ = {isa = PBXFileReference; lastKnownFileType = sourcecode.javascript; path = Script.js; sourceTree = "<group>"; };
		32E7BB4E300EA38B00EF22F1 /* ViewController.swift */ = {isa = PBXFileReference; lastKnownFileType = sourcecode.swift; path = ViewController.swift; sourceTree = "<group>"; };
		32E7BB51300EA38B00EF22F1 /* Base */ = {isa = PBXFileReference; lastKnownFileType = file.storyboard; name = Base; path = Base.lproj/Main.storyboard; sourceTree = "<group>"; };
		32E7BB53300EA38C00EF22F1 /* Assets.xcassets */ = {isa = PBXFileReference; lastKnownFileType = folder.assetcatalog; path = Assets.xcassets; sourceTree = "<group>"; };
		32E7BB55300EA38C00EF22F1 /* Info.plist */ = {isa = PBXFileReference; lastKnownFileType = text.plist.xml; path = Info.plist; sourceTree = "<group>"; };
		32E7BB5A300EA38C00EF22F1 /* LexPack Safari Extension.appex */ = {isa = PBXFileReference; explicitFileType = "wrapper.app-extension"; includeInIndex = 0; path = "LexPack Safari Extension.appex"; sourceTree = BUILT_PRODUCTS_DIR; };
		32E7BB5F300EA38C00EF22F1 /* SafariWebExtensionHandler.swift */ = {isa = PBXFileReference; lastKnownFileType = sourcecode.swift; path = SafariWebExtensionHandler.swift; sourceTree = "<group>"; };
		32E7BB61300EA38C00EF22F1 /* Info.plist */ = {isa = PBXFileReference; lastKnownFileType = text.plist.xml; path = Info.plist; sourceTree = "<group>"; };
		32E7BB6C300EA38C00EF22F1 /* BUILD-INFO.json */ = {isa = PBXFileReference; lastKnownFileType = text.json; name = "BUILD-INFO.json"; path = "../../../build/safari/BUILD-INFO.json"; sourceTree = "<group>"; };
		32E7BB6D300EA38C00EF22F1 /* background */ = {isa = PBXFileReference; lastKnownFileType = folder; name = background; path = ../../../build/safari/background; sourceTree = "<group>"; };
		32E7BB6E300EA38C00EF22F1 /* offscreen */ = {isa = PBXFileReference; lastKnownFileType = folder; name = offscreen; path = ../../../build/safari/offscreen; sourceTree = "<group>"; };
		32E7BB6F300EA38C00EF22F1 /* popup */ = {isa = PBXFileReference; lastKnownFileType = folder; name = popup; path = ../../../build/safari/popup; sourceTree = "<group>"; };
		32E7BB70300EA38C00EF22F1 /* content */ = {isa = PBXFileReference; lastKnownFileType = folder; name = content; path = ../../../build/safari/content; sourceTree = "<group>"; };
		32E7BB71300EA38C00EF22F1 /* INSTALL.txt */ = {isa = PBXFileReference; lastKnownFileType = text; name = INSTALL.txt; path = ../../../build/safari/INSTALL.txt; sourceTree = "<group>"; };
		32E7BB72300EA38C00EF22F1 /* shared */ = {isa = PBXFileReference; lastKnownFileType = folder; name = shared; path = ../../../build/safari/shared; sourceTree = "<group>"; };
		32E7BB73300EA38C00EF22F1 /* icons */ = {isa = PBXFileReference; lastKnownFileType = folder; name = icons; path = ../../../build/safari/icons; sourceTree = "<group>"; };
		32E7BB74300EA38C00EF22F1 /* manifest.json */ = {isa = PBXFileReference; lastKnownFileType = text.json; name = manifest.json; path = ../../../build/safari/manifest.json; sourceTree = "<group>"; };
/* End PBXFileReference section */

/* Begin PBXFrameworksBuildPhase section */
		32E7BB3C300EA38B00EF22F1 /* Frameworks */ = {
			isa = PBXFrameworksBuildPhase;
			buildActionMask = 2147483647;
			files = (
			);
			runOnlyForDeploymentPostprocessing = 0;
		};
		32E7BB57300EA38C00EF22F1 /* Frameworks */ = {
			isa = PBXFrameworksBuildPhase;
			buildActionMask = 2147483647;
			files = (
			);
			runOnlyForDeploymentPostprocessing = 0;
		};
/* End PBXFrameworksBuildPhase section */

/* Begin PBXGroup section */
		32E7BB36300EA38B00EF22F1 = {
			isa = PBXGroup;
			children = (
				32E7BB41300EA38B00EF22F1 /* LexPack Safari */,
				32E7BB5E300EA38C00EF22F1 /* LexPack Safari Extension */,
				32E7BB40300EA38B00EF22F1 /* Products */,
			);
			sourceTree = "<group>";
		};
		32E7BB40300EA38B00EF22F1 /* Products */ = {
			isa = PBXGroup;
			children = (
				32E7BB3F300EA38B00EF22F1 /* LexPack Safari.app */,
				32E7BB5A300EA38C00EF22F1 /* LexPack Safari Extension.appex */,
			);
			name = Products;
			sourceTree = "<group>";
		};
		32E7BB41300EA38B00EF22F1 /* LexPack Safari */ = {
			isa = PBXGroup;
			children = (
				32E7BB42300EA38B00EF22F1 /* AppDelegate.swift */,
				32E7BB4E300EA38B00EF22F1 /* ViewController.swift */,
				32E7BB50300EA38B00EF22F1 /* Main.storyboard */,
				32E7BB53300EA38C00EF22F1 /* Assets.xcassets */,
				32E7BB55300EA38C00EF22F1 /* Info.plist */,
				32E7BB44300EA38B00EF22F1 /* Resources */,
			);
			path = "LexPack Safari";
			sourceTree = "<group>";
		};
		32E7BB44300EA38B00EF22F1 /* Resources */ = {
			isa = PBXGroup;
			children = (
				32E7BB45300EA38B00EF22F1 /* Main.html */,
				32E7BB48300EA38B00EF22F1 /* Icon.png */,
				32E7BB4A300EA38B00EF22F1 /* Style.css */,
				32E7BB4C300EA38B00EF22F1 /* Script.js */,
			);
			path = Resources;
			sourceTree = "<group>";
		};
		32E7BB5E300EA38C00EF22F1 /* LexPack Safari Extension */ = {
			isa = PBXGroup;
			children = (
				32E7BB6B300EA38C00EF22F1 /* Resources */,
				32E7BB5F300EA38C00EF22F1 /* SafariWebExtensionHandler.swift */,
				32E7BB61300EA38C00EF22F1 /* Info.plist */,
			);
			path = "LexPack Safari Extension";
			sourceTree = "<group>";
		};
		32E7BB6B300EA38C00EF22F1 /* Resources */ = {
			isa = PBXGroup;
			children = (
				32E7BB6C300EA38C00EF22F1 /* BUILD-INFO.json */,
				32E7BB6D300EA38C00EF22F1 /* background */,
				32E7BB6E300EA38C00EF22F1 /* offscreen */,
				32E7BB6F300EA38C00EF22F1 /* popup */,
				32E7BB70300EA38C00EF22F1 /* content */,
				32E7BB71300EA38C00EF22F1 /* INSTALL.txt */,
				32E7BB72300EA38C00EF22F1 /* shared */,
				32E7BB73300EA38C00EF22F1 /* icons */,
				32E7BB74300EA38C00EF22F1 /* manifest.json */,
			);
			name = Resources;
			path = "LexPack Safari Extension";
			sourceTree = SOURCE_ROOT;
		};
/* End PBXGroup section */

/* Begin PBXNativeTarget section */
		32E7BB3E300EA38B00EF22F1 /* LexPack Safari */ = {
			isa = PBXNativeTarget;
			buildConfigurationList = 32E7BB68300EA38C00EF22F1 /* Build configuration list for PBXNativeTarget "LexPack Safari" */;
			buildPhases = (
				32E7BB3B300EA38B00EF22F1 /* Sources */,
				32E7BB3C300EA38B00EF22F1 /* Frameworks */,
				32E7BB3D300EA38B00EF22F1 /* Resources */,
				32E7BB67300EA38C00EF22F1 /* Embed Foundation Extensions */,
			);
			buildRules = (
			);
			dependencies = (
				32E7BB5D300EA38C00EF22F1 /* PBXTargetDependency */,
			);
			name = "LexPack Safari";
			packageProductDependencies = (
			);
			productName = "LexPack Safari";
			productReference = 32E7BB3F300EA38B00EF22F1 /* LexPack Safari.app */;
			productType = "com.apple.product-type.application";
		};
		32E7BB59300EA38C00EF22F1 /* LexPack Safari Extension */ = {
			isa = PBXNativeTarget;
			buildConfigurationList = 32E7BB64300EA38C00EF22F1 /* Build configuration list for PBXNativeTarget "LexPack Safari Extension" */;
			buildPhases = (
				32E7BB56300EA38C00EF22F1 /* Sources */,
				32E7BB57300EA38C00EF22F1 /* Frameworks */,
				32E7BB58300EA38C00EF22F1 /* Resources */,
			);
			buildRules = (
			);
			dependencies = (
			);
			name = "LexPack Safari Extension";
			packageProductDependencies = (
			);
			productName = "LexPack Safari Extension";
			productReference = 32E7BB5A300EA38C00EF22F1 /* LexPack Safari Extension.appex */;
			productType = "com.apple.product-type.app-extension";
		};
/* End PBXNativeTarget section */

/* Begin PBXProject section */
		32E7BB37300EA38B00EF22F1 /* Project object */ = {
			isa = PBXProject;
			attributes = {
				BuildIndependentTargetsInParallel = 1;
				LastSwiftUpdateCheck = 2660;
				LastUpgradeCheck = 2660;
				TargetAttributes = {
					32E7BB3E300EA38B00EF22F1 = {
						CreatedOnToolsVersion = 26.6;
					};
					32E7BB59300EA38C00EF22F1 = {
						CreatedOnToolsVersion = 26.6;
					};
				};
			};
			buildConfigurationList = 32E7BB3A300EA38B00EF22F1 /* Build configuration list for PBXProject "LexPack Safari" */;
			developmentRegion = en;
			hasScannedForEncodings = 0;
			knownRegions = (
				en,
				Base,
			);
			mainGroup = 32E7BB36300EA38B00EF22F1;
			minimizedProjectReferenceProxies = 1;
			preferredProjectObjectVersion = 77;
			productRefGroup = 32E7BB40300EA38B00EF22F1 /* Products */;
			projectDirPath = "";
			projectRoot = "";
			targets = (
				32E7BB3E300EA38B00EF22F1 /* LexPack Safari */,
				32E7BB59300EA38C00EF22F1 /* LexPack Safari Extension */,
			);
		};
/* End PBXProject section */

/* Begin PBXResourcesBuildPhase section */
		32E7BB3D300EA38B00EF22F1 /* Resources */ = {
			isa = PBXResourcesBuildPhase;
			buildActionMask = 2147483647;
			files = (
				32E7BB49300EA38B00EF22F1 /* Icon.png in Resources */,
				32E7BB52300EA38B00EF22F1 /* Main.storyboard in Resources */,
				32E7BB4D300EA38B00EF22F1 /* Script.js in Resources */,
				32E7BB47300EA38B00EF22F1 /* Main.html in Resources */,
				32E7BB54300EA38C00EF22F1 /* Assets.xcassets in Resources */,
				32E7BB4B300EA38B00EF22F1 /* Style.css in Resources */,
			);
			runOnlyForDeploymentPostprocessing = 0;
		};
		32E7BB58300EA38C00EF22F1 /* Resources */ = {
			isa = PBXResourcesBuildPhase;
			buildActionMask = 2147483647;
			files = (
				32E7BB76300EA38C00EF22F1 /* background in Resources */,
				32E7BB7C300EA38C00EF22F1 /* icons in Resources */,
				32E7BB78300EA38C00EF22F1 /* popup in Resources */,
				32E7BB7A300EA38C00EF22F1 /* INSTALL.txt in Resources */,
				32E7BB7D300EA38C00EF22F1 /* manifest.json in Resources */,
				32E7BB77300EA38C00EF22F1 /* offscreen in Resources */,
				32E7BB75300EA38C00EF22F1 /* BUILD-INFO.json in Resources */,
				32E7BB7B300EA38C00EF22F1 /* shared in Resources */,
				32E7BB79300EA38C00EF22F1 /* content in Resources */,
			);
			runOnlyForDeploymentPostprocessing = 0;
		};
/* End PBXResourcesBuildPhase section */

/* Begin PBXSourcesBuildPhase section */
		32E7BB3B300EA38B00EF22F1 /* Sources */ = {
			isa = PBXSourcesBuildPhase;
			buildActionMask = 2147483647;
			files = (
				32E7BB4F300EA38B00EF22F1 /* ViewController.swift in Sources */,
				32E7BB43300EA38B00EF22F1 /* AppDelegate.swift in Sources */,
			);
			runOnlyForDeploymentPostprocessing = 0;
		};
		32E7BB56300EA38C00EF22F1 /* Sources */ = {
			isa = PBXSourcesBuildPhase;
			buildActionMask = 2147483647;
			files = (
				32E7BB60300EA38C00EF22F1 /* SafariWebExtensionHandler.swift in Sources */,
			);
			runOnlyForDeploymentPostprocessing = 0;
		};
/* End PBXSourcesBuildPhase section */

/* Begin PBXTargetDependency section */
		32E7BB5D300EA38C00EF22F1 /* PBXTargetDependency */ = {
			isa = PBXTargetDependency;
			target = 32E7BB59300EA38C00EF22F1 /* LexPack Safari Extension */;
			targetProxy = 32E7BB5C300EA38C00EF22F1 /* PBXContainerItemProxy */;
		};
/* End PBXTargetDependency section */

/* Begin PBXVariantGroup section */
		32E7BB45300EA38B00EF22F1 /* Main.html */ = {
			isa = PBXVariantGroup;
			children = (
				32E7BB46300EA38B00EF22F1 /* Base */,
			);
			name = Main.html;
			sourceTree = "<group>";
		};
		32E7BB50300EA38B00EF22F1 /* Main.storyboard */ = {
			isa = PBXVariantGroup;
			children = (
				32E7BB51300EA38B00EF22F1 /* Base */,
			);
			name = Main.storyboard;
			sourceTree = "<group>";
		};
/* End PBXVariantGroup section */

/* Begin XCBuildConfiguration section */
		32E7BB62300EA38C00EF22F1 /* Debug */ = {
			isa = XCBuildConfiguration;
			buildSettings = {
				ALWAYS_SEARCH_USER_PATHS = NO;
				ASSETCATALOG_COMPILER_GENERATE_SWIFT_ASSET_SYMBOL_EXTENSIONS = YES;
				CLANG_ANALYZER_NONNULL = YES;
				CLANG_ANALYZER_NUMBER_OBJECT_CONVERSION = YES_AGGRESSIVE;
				CLANG_CXX_LANGUAGE_STANDARD = "gnu++20";
				CLANG_ENABLE_MODULES = YES;
				CLANG_ENABLE_OBJC_ARC = YES;
				CLANG_ENABLE_OBJC_WEAK = YES;
				CLANG_WARN_BLOCK_CAPTURE_AUTORELEASING = YES;
				CLANG_WARN_BOOL_CONVERSION = YES;
				CLANG_WARN_COMMA = YES;
				CLANG_WARN_CONSTANT_CONVERSION = YES;
				CLANG_WARN_DEPRECATED_OBJC_IMPLEMENTATIONS = YES;
				CLANG_WARN_DIRECT_OBJC_ISA_USAGE = YES_ERROR;
				CLANG_WARN_DOCUMENTATION_COMMENTS = YES;
				CLANG_WARN_EMPTY_BODY = YES;
				CLANG_WARN_ENUM_CONVERSION = YES;
				CLANG_WARN_INFINITE_RECURSION = YES;
				CLANG_WARN_INT_CONVERSION = YES;
				CLANG_WARN_NON_LITERAL_NULL_CONVERSION = YES;
				CLANG_WARN_OBJC_IMPLICIT_RETAIN_SELF = YES;
				CLANG_WARN_OBJC_LITERAL_CONVERSION = YES;
				CLANG_WARN_OBJC_ROOT_CLASS = YES_ERROR;
				CLANG_WARN_QUOTED_INCLUDE_IN_FRAMEWORK_HEADER = YES;
				CLANG_WARN_RANGE_LOOP_ANALYSIS = YES;
				CLANG_WARN_STRICT_PROTOTYPES = YES;
				CLANG_WARN_SUSPICIOUS_MOVE = YES;
				CLANG_WARN_UNGUARDED_AVAILABILITY = YES_AGGRESSIVE;
				CLANG_WARN_UNREACHABLE_CODE = YES;
				CLANG_WARN__DUPLICATE_METHOD_MATCH = YES;
				COPY_PHASE_STRIP = NO;
				DEBUG_INFORMATION_FORMAT = dwarf;
				ENABLE_STRICT_OBJC_MSGSEND = YES;
				ENABLE_TESTABILITY = YES;
				ENABLE_USER_SCRIPT_SANDBOXING = YES;
				GCC_C_LANGUAGE_STANDARD = gnu17;
				GCC_DYNAMIC_NO_PIC = NO;
				GCC_NO_COMMON_BLOCKS = YES;
				GCC_OPTIMIZATION_LEVEL = 0;
				GCC_PREPROCESSOR_DEFINITIONS = (
					"DEBUG=1",
					"$(inherited)",
				);
				GCC_WARN_64_TO_32_BIT_CONVERSION = YES;
				GCC_WARN_ABOUT_RETURN_TYPE = YES_ERROR;
				GCC_WARN_UNDECLARED_SELECTOR = YES;
				GCC_WARN_UNINITIALIZED_AUTOS = YES_AGGRESSIVE;
				GCC_WARN_UNUSED_FUNCTION = YES;
				GCC_WARN_UNUSED_VARIABLE = YES;
				LOCALIZATION_PREFERS_STRING_CATALOGS = YES;
				MACOSX_DEPLOYMENT_TARGET = 13.0;
				MTL_ENABLE_DEBUG_INFO = INCLUDE_SOURCE;
				MTL_FAST_MATH = YES;
				ONLY_ACTIVE_ARCH = YES;
				SDKROOT = macosx;
				SWIFT_ACTIVE_COMPILATION_CONDITIONS = "DEBUG $(inherited)";
				SWIFT_OPTIMIZATION_LEVEL = "-Onone";
			};
			name = Debug;
		};
		32E7BB63300EA38C00EF22F1 /* Release */ = {
			isa = XCBuildConfiguration;
			buildSettings = {
				ALWAYS_SEARCH_USER_PATHS = NO;
				ASSETCATALOG_COMPILER_GENERATE_SWIFT_ASSET_SYMBOL_EXTENSIONS = YES;
				CLANG_ANALYZER_NONNULL = YES;
				CLANG_ANALYZER_NUMBER_OBJECT_CONVERSION = YES_AGGRESSIVE;
				CLANG_CXX_LANGUAGE_STANDARD = "gnu++20";
				CLANG_ENABLE_MODULES = YES;
				CLANG_ENABLE_OBJC_ARC = YES;
				CLANG_ENABLE_OBJC_WEAK = YES;
				CLANG_WARN_BLOCK_CAPTURE_AUTORELEASING = YES;
				CLANG_WARN_BOOL_CONVERSION = YES;
				CLANG_WARN_COMMA = YES;
				CLANG_WARN_CONSTANT_CONVERSION = YES;
				CLANG_WARN_DEPRECATED_OBJC_IMPLEMENTATIONS = YES;
				CLANG_WARN_DIRECT_OBJC_ISA_USAGE = YES_ERROR;
				CLANG_WARN_DOCUMENTATION_COMMENTS = YES;
				CLANG_WARN_EMPTY_BODY = YES;
				CLANG_WARN_ENUM_CONVERSION = YES;
				CLANG_WARN_INFINITE_RECURSION = YES;
				CLANG_WARN_INT_CONVERSION = YES;
				CLANG_WARN_NON_LITERAL_NULL_CONVERSION = YES;
				CLANG_WARN_OBJC_IMPLICIT_RETAIN_SELF = YES;
				CLANG_WARN_OBJC_LITERAL_CONVERSION = YES;
				CLANG_WARN_OBJC_ROOT_CLASS = YES_ERROR;
				CLANG_WARN_QUOTED_INCLUDE_IN_FRAMEWORK_HEADER = YES;
				CLANG_WARN_RANGE_LOOP_ANALYSIS = YES;
				CLANG_WARN_STRICT_PROTOTYPES = YES;
				CLANG_WARN_SUSPICIOUS_MOVE = YES;
				CLANG_WARN_UNGUARDED_AVAILABILITY = YES_AGGRESSIVE;
				CLANG_WARN_UNREACHABLE_CODE = YES;
				CLANG_WARN__DUPLICATE_METHOD_MATCH = YES;
				COPY_PHASE_STRIP = NO;
				DEBUG_INFORMATION_FORMAT = "dwarf-with-dsym";
				ENABLE_NS_ASSERTIONS = NO;
				ENABLE_STRICT_OBJC_MSGSEND = YES;
				ENABLE_USER_SCRIPT_SANDBOXING = YES;
				GCC_C_LANGUAGE_STANDARD = gnu17;
				GCC_NO_COMMON_BLOCKS = YES;
				GCC_WARN_64_TO_32_BIT_CONVERSION = YES;
				GCC_WARN_ABOUT_RETURN_TYPE = YES_ERROR;
				GCC_WARN_UNDECLARED_SELECTOR = YES;
				GCC_WARN_UNINITIALIZED_AUTOS = YES_AGGRESSIVE;
				GCC_WARN_UNUSED_FUNCTION = YES;
				GCC_WARN_UNUSED_VARIABLE = YES;
				LOCALIZATION_PREFERS_STRING_CATALOGS = YES;
				MACOSX_DEPLOYMENT_TARGET = 13.0;
				MTL_ENABLE_DEBUG_INFO = NO;
				MTL_FAST_MATH = YES;
				SDKROOT = macosx;
				SWIFT_COMPILATION_MODE = wholemodule;
			};
			name = Release;
		};
		32E7BB65300EA38C00EF22F1 /* Debug */ = {
			isa = XCBuildConfiguration;
			buildSettings = {
				CODE_SIGN_ENTITLEMENTS = "LexPack Safari Extension/LexPack Safari Extension.entitlements";
				CODE_SIGN_IDENTITY = "-";
				CODE_SIGN_STYLE = Manual;
				CURRENT_PROJECT_VERSION = 1;
				ENABLE_APP_SANDBOX = YES;
				ENABLE_HARDENED_RUNTIME = YES;
				GENERATE_INFOPLIST_FILE = YES;
				INFOPLIST_FILE = "LexPack Safari Extension/Info.plist";
				INFOPLIST_KEY_CFBundleDisplayName = "LexPack Safari Extension";
				INFOPLIST_KEY_NSHumanReadableCopyright = "";
				LD_RUNPATH_SEARCH_PATHS = (
					"$(inherited)",
					"@executable_path/../Frameworks",
					"@executable_path/../../../../Frameworks",
				);
				MACOSX_DEPLOYMENT_TARGET = 13.0;
				MARKETING_VERSION = 0.8.4;
				OTHER_LDFLAGS = (
					"-framework",
					SafariServices,
				);
				PRODUCT_BUNDLE_IDENTIFIER = ru.dmbulanov.lexpack.safari.Extension;
				PRODUCT_NAME = "$(TARGET_NAME)";
				SKIP_INSTALL = YES;
				STRING_CATALOG_GENERATE_SYMBOLS = YES;
				SWIFT_APPROACHABLE_CONCURRENCY = YES;
				SWIFT_EMIT_LOC_STRINGS = YES;
				SWIFT_UPCOMING_FEATURE_MEMBER_IMPORT_VISIBILITY = YES;
				SWIFT_VERSION = 5.0;
			};
			name = Debug;
		};
		32E7BB66300EA38C00EF22F1 /* Release */ = {
			isa = XCBuildConfiguration;
			buildSettings = {
				CODE_SIGN_ENTITLEMENTS = "LexPack Safari Extension/LexPack Safari Extension.entitlements";
				CODE_SIGN_STYLE = Automatic;
				CURRENT_PROJECT_VERSION = 1;
				ENABLE_APP_SANDBOX = YES;
				ENABLE_HARDENED_RUNTIME = YES;
				GENERATE_INFOPLIST_FILE = YES;
				INFOPLIST_FILE = "LexPack Safari Extension/Info.plist";
				INFOPLIST_KEY_CFBundleDisplayName = "LexPack Safari Extension";
				INFOPLIST_KEY_NSHumanReadableCopyright = "";
				LD_RUNPATH_SEARCH_PATHS = (
					"$(inherited)",
					"@executable_path/../Frameworks",
					"@executable_path/../../../../Frameworks",
				);
				MACOSX_DEPLOYMENT_TARGET = 13.0;
				MARKETING_VERSION = 0.8.4;
				OTHER_LDFLAGS = (
					"-framework",
					SafariServices,
				);
				PRODUCT_BUNDLE_IDENTIFIER = ru.dmbulanov.lexpack.safari.Extension;
				PRODUCT_NAME = "$(TARGET_NAME)";
				SKIP_INSTALL = YES;
				STRING_CATALOG_GENERATE_SYMBOLS = YES;
				SWIFT_APPROACHABLE_CONCURRENCY = YES;
				SWIFT_EMIT_LOC_STRINGS = YES;
				SWIFT_UPCOMING_FEATURE_MEMBER_IMPORT_VISIBILITY = YES;
				SWIFT_VERSION = 5.0;
			};
			name = Release;
		};
		32E7BB69300EA38C00EF22F1 /* Debug */ = {
			isa = XCBuildConfiguration;
			buildSettings = {
				ASSETCATALOG_COMPILER_APPICON_NAME = AppIcon;
				ASSETCATALOG_COMPILER_GLOBAL_ACCENT_COLOR_NAME = AccentColor;
				CODE_SIGN_ENTITLEMENTS = "LexPack Safari/LexPack Safari.entitlements";
				CODE_SIGN_IDENTITY = "-";
				CODE_SIGN_STYLE = Manual;
				COMBINE_HIDPI_IMAGES = YES;
				CURRENT_PROJECT_VERSION = 1;
				ENABLE_APP_SANDBOX = YES;
				ENABLE_FILE_ACCESS_DOWNLOADS_FOLDER = readwrite;
				ENABLE_HARDENED_RUNTIME = YES;
				ENABLE_OUTGOING_NETWORK_CONNECTIONS = YES;
				GENERATE_INFOPLIST_FILE = YES;
				INFOPLIST_FILE = "LexPack Safari/Info.plist";
				INFOPLIST_KEY_CFBundleDisplayName = "LexPack Safari";
				INFOPLIST_KEY_NSHumanReadableCopyright = "";
				INFOPLIST_KEY_NSMainStoryboardFile = Main;
				INFOPLIST_KEY_NSPrincipalClass = NSApplication;
				LD_RUNPATH_SEARCH_PATHS = (
					"$(inherited)",
					"@executable_path/../Frameworks",
				);
				MARKETING_VERSION = 0.8.4;
				OTHER_LDFLAGS = (
					"-framework",
					SafariServices,
					"-framework",
					WebKit,
				);
				PRODUCT_BUNDLE_IDENTIFIER = ru.dmbulanov.lexpack.safari;
				PRODUCT_NAME = "$(TARGET_NAME)";
				REGISTER_APP_GROUPS = YES;
				STRING_CATALOG_GENERATE_SYMBOLS = YES;
				SWIFT_APPROACHABLE_CONCURRENCY = YES;
				SWIFT_DEFAULT_ACTOR_ISOLATION = MainActor;
				SWIFT_EMIT_LOC_STRINGS = YES;
				SWIFT_UPCOMING_FEATURE_MEMBER_IMPORT_VISIBILITY = YES;
				SWIFT_VERSION = 5.0;
			};
			name = Debug;
		};
		32E7BB6A300EA38C00EF22F1 /* Release */ = {
			isa = XCBuildConfiguration;
			buildSettings = {
				ASSETCATALOG_COMPILER_APPICON_NAME = AppIcon;
				ASSETCATALOG_COMPILER_GLOBAL_ACCENT_COLOR_NAME = AccentColor;
				CODE_SIGN_ENTITLEMENTS = "LexPack Safari/LexPack Safari.entitlements";
				CODE_SIGN_STYLE = Automatic;
				COMBINE_HIDPI_IMAGES = YES;
				CURRENT_PROJECT_VERSION = 1;
				ENABLE_APP_SANDBOX = YES;
				ENABLE_FILE_ACCESS_DOWNLOADS_FOLDER = readwrite;
				ENABLE_HARDENED_RUNTIME = YES;
				ENABLE_OUTGOING_NETWORK_CONNECTIONS = YES;
				GENERATE_INFOPLIST_FILE = YES;
				INFOPLIST_FILE = "LexPack Safari/Info.plist";
				INFOPLIST_KEY_CFBundleDisplayName = "LexPack Safari";
				INFOPLIST_KEY_NSHumanReadableCopyright = "";
				INFOPLIST_KEY_NSMainStoryboardFile = Main;
				INFOPLIST_KEY_NSPrincipalClass = NSApplication;
				LD_RUNPATH_SEARCH_PATHS = (
					"$(inherited)",
					"@executable_path/../Frameworks",
				);
				MARKETING_VERSION = 0.8.4;
				OTHER_LDFLAGS = (
					"-framework",
					SafariServices,
					"-framework",
					WebKit,
				);
				PRODUCT_BUNDLE_IDENTIFIER = ru.dmbulanov.lexpack.safari;
				PRODUCT_NAME = "$(TARGET_NAME)";
				REGISTER_APP_GROUPS = YES;
				STRING_CATALOG_GENERATE_SYMBOLS = YES;
				SWIFT_APPROACHABLE_CONCURRENCY = YES;
				SWIFT_DEFAULT_ACTOR_ISOLATION = MainActor;
				SWIFT_EMIT_LOC_STRINGS = YES;
				SWIFT_UPCOMING_FEATURE_MEMBER_IMPORT_VISIBILITY = YES;
				SWIFT_VERSION = 5.0;
			};
			name = Release;
		};
/* End XCBuildConfiguration section */

/* Begin XCConfigurationList section */
		32E7BB3A300EA38B00EF22F1 /* Build configuration list for PBXProject "LexPack Safari" */ = {
			isa = XCConfigurationList;
			buildConfigurations = (
				32E7BB62300EA38C00EF22F1 /* Debug */,
				32E7BB63300EA38C00EF22F1 /* Release */,
			);
			defaultConfigurationIsVisible = 0;
			defaultConfigurationName = Release;
		};
		32E7BB64300EA38C00EF22F1 /* Build configuration list for PBXNativeTarget "LexPack Safari Extension" */ = {
			isa = XCConfigurationList;
			buildConfigurations = (
				32E7BB65300EA38C00EF22F1 /* Debug */,
				32E7BB66300EA38C00EF22F1 /* Release */,
			);
			defaultConfigurationIsVisible = 0;
			defaultConfigurationName = Release;
		};
		32E7BB68300EA38C00EF22F1 /* Build configuration list for PBXNativeTarget "LexPack Safari" */ = {
			isa = XCConfigurationList;
			buildConfigurations = (
				32E7BB69300EA38C00EF22F1 /* Debug */,
				32E7BB6A300EA38C00EF22F1 /* Release */,
			);
			defaultConfigurationIsVisible = 0;
			defaultConfigurationName = Release;
		};
/* End XCConfigurationList section */
	};
	rootObject = 32E7BB37300EA38B00EF22F1 /* Project object */;
}
